// !$*UTF8*$!
{
	archiveVersion = 1;
	classes = {
	};
	objectVersion = 50;
	objects = {

/* Begin PBXBuildFile section */
		45DF8C7824755FDD00E993A8 /* AppDelegate.swift in Sources */ = {isa = PBXBuildFile; fileRef = 45DF8C7724755FDD00E993A8 /* AppDelegate.swift */; };
		45DF8C7A24755FDD00E993A8 /* SceneDelegate.swift in Sources */ = {isa = PBXBuildFile; fileRef = 45DF8C7924755FDD00E993A8 /* SceneDelegate.swift */; };
		45DF8C8124755FDF00E993A8 /* Assets.xcassets in Resources */ = {isa = PBXBuildFile; fileRef = 45DF8C8024755FDF00E993A8 /* Assets.xcassets */; };
		45DF8C8424755FDF00E993A8 /* LaunchScreen.storyboard in Resources */ = {isa = PBXBuildFile; fileRef = 45DF8C8224755FDF00E993A8 /* LaunchScreen.storyboard */; };
		45DF8C91247579D200E993A8 /* PhotoListViewController.swift in Sources */ = {isa = PBXBuildFile; fileRef = 45DF8C8F247579D200E993A8 /* PhotoListViewController.swift */; };
		45DF8C92247579D200E993A8 /* PhotoListViewController.xib in Resources */ = {isa = PBXBuildFile; fileRef = 45DF8C90247579D200E993A8 /* PhotoListViewController.xib */; };
/* End PBXBuildFile section */

/* Begin PBXFileReference section */
		45DF8C7424755FDD00E993A8 /* Pinterest-Layout-Sample.app */ = {isa = PBXFileReference; explicitFileType = wrapper.application; includeInIndex = 0; path = "Pinterest-Layout-Sample.app"; sourceTree = BUILT_PRODUCTS_DIR; };
		45DF8C7724755FDD00E993A8 /* AppDelegate.swift */ = {isa = PBXFileReference; lastKnownFileType = sourcecode.swift; path = AppDelegate.swift; sourceTree = "<group>"; };
		45DF8C7924755FDD00E993A8 /* SceneDelegate.swift */ = {isa = PBXFileReference; lastKnownFileType = sourcecode.swift; path = SceneDelegate.swift; sourceTree = "<group>"; };
		45DF8C8024755FDF00E993A8 /* Assets.xcassets */ = {isa = PBXFileReference; lastKnownFileType = folder.assetcatalog; path = Assets.xcassets; sourceTree = "<group>"; };
		45DF8C8324755FDF00E993A8 /* Base */ = {isa = PBXFileReference; lastKnownFileType = file.storyboard; name = Base; path = Base.lproj/LaunchScreen.storyboard; sourceTree = "<group>"; };
		45DF8C8524755FDF00E993A8 /* Info.plist */ = {isa = PBXFileReference; lastKnownFileType = text.plist.xml; path = Info.plist; sourceTree = "<group>"; };
		45DF8C8F247579D200E993A8 /* PhotoListViewController.swift */ = {isa = PBXFileReference; lastKnownFileType = sourcecode.swift; path = PhotoListViewController.swift; sourceTree = "<group>"; };
		45DF8C90247579D200E993A8 /* PhotoListViewController.xib */ = {isa = PBXFileReference; lastKnownFileType = file.xib; path = PhotoListViewController.xib; sourceTree = "<group>"; };
/* End PBXFileReference section */

/* Begin PBXFrameworksBuildPhase section */
		45DF8C7124755FDD00E993A8 /* Frameworks */ = {
			isa = PBXFrameworksBuildPhase;
			buildActionMask = 2147483647;
			files = (
			);
			runOnlyForDeploymentPostprocessing = 0;
		};
/* End PBXFrameworksBuildPhase section */

/* Begin PBXGroup section */
		45DF8C6B24755FDD00E993A8 = {
			isa = PBXGroup;
			children = (
				45DF8C7624755FDD00E993A8 /* Pinterest-Layout-Sample */,
				45DF8C7524755FDD00E993A8 /* Products */,
			);
			sourceTree = "<group>";
		};
		45DF8C7524755FDD00E993A8 /* Products */ = {
			isa = PBXGroup;
			children = (
				45DF8C7424755FDD00E993A8 /* Pinterest-Layout-Sample.app */,
			);
			name = Products;
			sourceTree = "<group>";
		};
		45DF8C7624755FDD00E993A8 /* Pinterest-Layout-Sample */ = {
			isa = PBXGroup;
			children = (
				45DF8C8E2475772F00E993A8 /* Model */,
				45DF8C8D247576C500E993A8 /* View */,
				45DF8C8C247576C200E993A8 /* Presenter */,
				45DF8C8B247576BA00E993A8 /* Other */,
			);
			path = "Pinterest-Layout-Sample";
			sourceTree = "<group>";
		};
		45DF8C8B247576BA00E993A8 /* Other */ = {
			isa = PBXGroup;
			children = (
				45DF8C7724755FDD00E993A8 /* AppDelegate.swift */,
				45DF8C7924755FDD00E993A8 /* SceneDelegate.swift */,
				45DF8C8024755FDF00E993A8 /* Assets.xcassets */,
				45DF8C8224755FDF00E993A8 /* LaunchScreen.storyboard */,
				45DF8C8524755FDF00E993A8 /* Info.plist */,
			);
			path = Other;
			sourceTree = "<group>";
		};
		45DF8C8C247576C200E993A8 /* Presenter */ = {
			isa = PBXGroup;
			children = (
			);
			path = Presenter;
			sourceTree = "<group>";
		};
		45DF8C8D247576C500E993A8 /* View */ = {
			isa = PBXGroup;
			children = (
				45DF8C8F247579D200E993A8 /* PhotoListViewController.swift */,
				45DF8C90247579D200E993A8 /* PhotoListViewController.xib */,
			);
			path = View;
			sourceTree = "<group>";
		};
		45DF8C8E2475772F00E993A8 /* Model */ = {
			isa = PBXGroup;
			children = (
			);
			path = Model;
			sourceTree = "<group>";
		};
/* End PBXGroup section */

/* Begin PBXNativeTarget section */
		45DF8C7324755FDD00E993A8 /* Pinterest-Layout-Sample */ = {
			isa = PBXNativeTarget;
			buildConfigurationList = 45DF8C8824755FDF00E993A8 /* Build configuration list for PBXNativeTarget "Pinterest-Layout-Sample" */;
			buildPhases = (
				45DF8C7024755FDD00E993A8 /* Sources */,
				45DF8C7124755FDD00E993A8 /* Frameworks */,
				45DF8C7224755FDD00E993A8 /* Resources */,
			);
			buildRules = (
			);
			dependencies = (
			);
			name = "Pinterest-Layout-Sample";
			productName = "Pinterest-Layout-Sample";
			productReference = 45DF8C7424755FDD00E993A8 /* Pinterest-Layout-Sample.app */;
			productType = "com.apple.product-type.application";
		};
/* End PBXNativeTarget section */

/* Begin PBXProject section */
		45DF8C6C24755FDD00E993A8 /* Project object */ = {
			isa = PBXProject;
			attributes = {
				LastSwiftUpdateCheck = 1140;
				LastUpgradeCheck = 1140;
				ORGANIZATIONNAME = kawaharadai;
				TargetAttributes = {
					45DF8C7324755FDD00E993A8 = {
						CreatedOnToolsVersion = 11.4.1;
					};
				};
			};
			buildConfigurationList = 45DF8C6F24755FDD00E993A8 /* Build configuration list for PBXProject "Pinterest-Layout-Sample" */;
			compatibilityVersion = "Xcode 9.3";
			developmentRegion = en;
			hasScannedForEncodings = 0;
			knownRegions = (
				en,
				Base,
			);
			mainGroup = 45DF8C6B24755FDD00E993A8;
			productRefGroup = 45DF8C7524755FDD00E993A8 /* Products */;
			projectDirPath = "";
			projectRoot = "";
			targets = (
				45DF8C7324755FDD00E993A8 /* Pinterest-Layout-Sample */,
			);
		};
/* End PBXProject section */

/* Begin PBXResourcesBuildPhase section */
		45DF8C7224755FDD00E993A8 /* Resources */ = {
			isa = PBXResourcesBuildPhase;
			buildActionMask = 2147483647;
			files = (
				45DF8C8424755FDF00E993A8 /* LaunchScreen.storyboard in Resources */,
				45DF8C92247579D200E993A8 /* PhotoListViewController.xib in Resources */,
				45DF8C8124755FDF00E993A8 /* Assets.xcassets in Resources */,
			);
			runOnlyForDeploymentPostprocessing = 0;
		};
/* End PBXResourcesBuildPhase section */

/* Begin PBXSourcesBuildPhase section */
		45DF8C7024755FDD00E993A8 /* Sources */ = {
			isa = PBXSourcesBuildPhase;
			buildActionMask = 2147483647;
			files = (
				45DF8C91247579D200E993A8 /* PhotoListViewController.swift in Sources */,
				45DF8C7824755FDD00E993A8 /* AppDelegate.swift in Sources */,
				45DF8C7A24755FDD00E993A8 /* SceneDelegate.swift in Sources */,
			);
			runOnlyForDeploymentPostprocessing = 0;
		};
/* End PBXSourcesBuildPhase section */

/* Begin PBXVariantGroup section */
		45DF8C8224755FDF00E993A8 /* LaunchScreen.storyboard */ = {
			isa = PBXVariantGroup;
			children = (
				45DF8C8324755FDF00E993A8 /* Base */,
			);
			name = LaunchScreen.storyboard;
			sourceTree = "<group>";
		};
/* End PBXVariantGroup section */

/* Begin XCBuildConfiguration section */
		45DF8C8624755FDF00E993A8 /* Debug */ = {
			isa = XCBuildConfiguration;
			buildSettings = {
				ALWAYS_SEARCH_USER_PATHS = NO;
				CLANG_ANALYZER_NONNULL = YES;
				CLANG_ANALYZER_NUMBER_OBJECT_CONVERSION = YES_AGGRESSIVE;
				CLANG_CXX_LANGUAGE_STANDARD = "gnu++14";
				CLANG_CXX_LIBRARY = "libc++";
				CLANG_ENABLE_MODULES = YES;
				CLANG_ENABLE_OBJC_ARC = YES;
				CLANG_ENABLE_OBJC_WEAK = YES;
				CLANG_WARN_BLOCK_CAPTURE_AUTORELEASING = YES;
				CLANG_WARN_BOOL_CONVERSION = YES;
				CLANG_WARN_COMMA = YES;
				CLANG_WARN_CONSTANT_CONVERSION = YES;
				CLANG_WARN_DEPRECATED_OBJC_IMPLEMENTATIONS = YES;
				CLANG_WARN_DIRECT_OBJC_ISA_USAGE = YES_ERROR;
				CLANG_WARN_DOCUMENTATION_COMMENTS = YES;
				CLANG_WARN_EMPTY_BODY = YES;
				CLANG_WARN_ENUM_CONVERSION = YES;
				CLANG_WARN_INFINITE_RECURSION = YES;
				CLANG_WARN_INT_CONVERSION = YES;
				CLANG_WARN_NON_LITERAL_NULL_CONVERSION = YES;
				CLANG_WARN_OBJC_IMPLICIT_RETAIN_SELF = YES;
				CLANG_WARN_OBJC_LITERAL_CONVERSION = YES;
				CLANG_WARN_OBJC_ROOT_CLASS = YES_ERROR;
				CLANG_WARN_RANGE_LOOP_ANALYSIS = YES;
				CLANG_WARN_STRICT_PROTOTYPES = YES;
				CLANG_WARN_SUSPICIOUS_MOVE = YES;
				CLANG_WARN_UNGUARDED_AVAILABILITY = YES_AGGRESSIVE;
				CLANG_WARN_UNREACHABLE_CODE = YES;
				CLANG_WARN__DUPLICATE_METHOD_MATCH = YES;
				COPY_PHASE_STRIP = NO;
				DEBUG_INFORMATION_FORMAT = dwarf;
				ENABLE_STRICT_OBJC_MSGSEND = YES;
				ENABLE_TESTABILITY = YES;
				GCC_C_LANGUAGE_STANDARD = gnu11;
				GCC_DYNAMIC_NO_PIC = NO;
				GCC_NO_COMMON_BLOCKS = YES;
				GCC_OPTIMIZATION_LEVEL = 0;
				GCC_PREPROCESSOR_DEFINITIONS = (
					"DEBUG=1",
					"$(inherited)",
				);
				GCC_WARN_64_TO_32_BIT_CONVERSION = YES;
				GCC_WARN_ABOUT_RETURN_TYPE = YES_ERROR;
				GCC_WARN_UNDECLARED_SELECTOR = YES;
				GCC_WARN_UNINITIALIZED_AUTOS = YES_AGGRESSIVE;
				GCC_WARN_UNUSED_FUNCTION = YES;
				GCC_WARN_UNUSED_VARIABLE = YES;
				IPHONEOS_DEPLOYMENT_TARGET = 13.4;
				MTL_ENABLE_DEBUG_INFO = INCLUDE_SOURCE;
				MTL_FAST_MATH = YES;
				ONLY_ACTIVE_ARCH = YES;
				SDKROOT = iphoneos;
				SWIFT_ACTIVE_COMPILATION_CONDITIONS = DEBUG;
				SWIFT_OPTIMIZATION_LEVEL = "-Onone";
			};
			name = Debug;
		};
		45DF8C8724755FDF00E993A8 /* Release */ = {
			isa = XCBuildConfiguration;
			buildSettings = {
				ALWAYS_SEARCH_USER_PATHS = NO;
				CLANG_ANALYZER_NONNULL = YES;
				CLANG_ANALYZER_NUMBER_OBJECT_CONVERSION = YES_AGGRESSIVE;
				CLANG_CXX_LANGUAGE_STANDARD = "gnu++14";
				CLANG_CXX_LIBRARY = "libc++";
				CLANG_ENABLE_MODULES = YES;
				CLANG_ENABLE_OBJC_ARC = YES;
				CLANG_ENABLE_OBJC_WEAK = YES;
				CLANG_WARN_BLOCK_CAPTURE_AUTORELEASING = YES;
				CLANG_WARN_BOOL_CONVERSION = YES;
				CLANG_WARN_COMMA = YES;
				CLANG_WARN_CONSTANT_CONVERSION = YES;
				CLANG_WARN_DEPRECATED_OBJC_IMPLEMENTATIONS = YES;
				CLANG_WARN_DIRECT_OBJC_ISA_USAGE = YES_ERROR;
				CLANG_WARN_DOCUMENTATION_COMMENTS = YES;
				CLANG_WARN_EMPTY_BODY = YES;
				CLANG_WARN_ENUM_CONVERSION = YES;
				CLANG_WARN_INFINITE_RECURSION = YES;
				CLANG_WARN_INT_CONVERSION = YES;
				CLANG_WARN_NON_LITERAL_NULL_CONVERSION = YES;
				CLANG_WARN_OBJC_IMPLICIT_RETAIN_SELF = YES;
				CLANG_WARN_OBJC_LITERAL_CONVERSION = YES;
				CLANG_WARN_OBJC_ROOT_CLASS = YES_ERROR;
				CLANG_WARN_RANGE_LOOP_ANALYSIS = YES;
				CLANG_WARN_STRICT_PROTOTYPES = YES;
				CLANG_WARN_SUSPICIOUS_MOVE = YES;
				CLANG_WARN_UNGUARDED_AVAILABILITY = YES_AGGRESSIVE;
				CLANG_WARN_UNREACHABLE_CODE = YES;
				CLANG_WARN__DUPLICATE_METHOD_MATCH = YES;
				COPY_PHASE_STRIP = NO;
				DEBUG_INFORMATION_FORMAT = "dwarf-with-dsym";
				ENABLE_NS_ASSERTIONS = NO;
				ENABLE_STRICT_OBJC_MSGSEND = YES;
				GCC_C_LANGUAGE_STANDARD = gnu11;
				GCC_NO_COMMON_BLOCKS = YES;
				GCC_WARN_64_TO_32_BIT_CONVERSION = YES;
				GCC_WARN_ABOUT_RETURN_TYPE = YES_ERROR;
				GCC_WARN_UNDECLARED_SELECTOR = YES;
				GCC_WARN_UNINITIALIZED_AUTOS = YES_AGGRESSIVE;
				GCC_WARN_UNUSED_FUNCTION = YES;
				GCC_WARN_UNUSED_VARIABLE = YES;
				IPHONEOS_DEPLOYMENT_TARGET = 13.4;
				MTL_ENABLE_DEBUG_INFO = NO;
				MTL_FAST_MATH = YES;
				SDKROOT = iphoneos;
				SWIFT_COMPILATION_MODE = wholemodule;
				SWIFT_OPTIMIZATION_LEVEL = "-O";
				VALIDATE_PRODUCT = YES;
			};
			name = Release;
		};
		45DF8C8924755FDF00E993A8 /* Debug */ = {
			isa = XCBuildConfiguration;
			buildSettings = {
				ASSETCATALOG_COMPILER_APPICON_NAME = AppIcon;
				CODE_SIGN_STYLE = Automatic;
				DEVELOPMENT_TEAM = LVR5UQEHBD;
				INFOPLIST_FILE = "Pinterest-Layout-Sample/Other/Info.plist";
				LD_RUNPATH_SEARCH_PATHS = (
					"$(inherited)",
					"@executable_path/Frameworks",
				);
				PRODUCT_BUNDLE_IDENTIFIER = "com.kawahara.Pinterest-Layout-Sample";
				PRODUCT_NAME = "$(TARGET_NAME)";
				SWIFT_VERSION = 5.0;
				TARGETED_DEVICE_FAMILY = 1;
			};
			name = Debug;
		};
		45DF8C8A24755FDF00E993A8 /* Release */ = {
			isa = XCBuildConfiguration;
			buildSettings = {
				ASSETCATALOG_COMPILER_APPICON_NAME = AppIcon;
				CODE_SIGN_STYLE = Automatic;
				DEVELOPMENT_TEAM = LVR5UQEHBD;
				INFOPLIST_FILE = "Pinterest-Layout-Sample/Other/Info.plist";
				LD_RUNPATH_SEARCH_PATHS = (
					"$(inherited)",
					"@executable_path/Frameworks",
				);
				PRODUCT_BUNDLE_IDENTIFIER = "com.kawahara.Pinterest-Layout-Sample";
				PRODUCT_NAME = "$(TARGET_NAME)";
				SWIFT_VERSION = 5.0;
				TARGETED_DEVICE_FAMILY = 1;
			};
			name = Release;
		};
/* End XCBuildConfiguration section */

/* Begin XCConfigurationList section */
		45DF8C6F24755FDD00E993A8 /* Build configuration list for PBXProject "Pinterest-Layout-Sample" */ = {
			isa = XCConfigurationList;
			buildConfigurations = (
				45DF8C8624755FDF00E993A8 /* Debug */,
				45DF8C8724755FDF00E993A8 /* Release */,
			);
			defaultConfigurationIsVisible = 0;
			defaultConfigurationName = Release;
		};
		45DF8C8824755FDF00E993A8 /* Build configuration list for PBXNativeTarget "Pinterest-Layout-Sample" */ = {
			isa = XCConfigurationList;
			buildConfigurations = (
				45DF8C8924755FDF00E993A8 /* Debug */,
				45DF8C8A24755FDF00E993A8 /* Release */,
			);
			defaultConfigurationIsVisible = 0;
			defaultConfigurationName = Release;
		};
/* End XCConfigurationList section */
	};
	rootObject = 45DF8C6C24755FDD00E993A8 /* Project object */;
}
